
Microsoft Visual Studio Solution File, Format Version 12.00
# Visual Studio 2012
Project("{F184B08F-C81C-45F6-A57F-5ABD9991F28F}") = "SistEfectivo2017", "SistEfectivo2017\SistEfectivo2017.vbproj", "{92E7EECF-AFFC-4F42-BA21-CF8FD648A2F4}"
EndProject
Global
	GlobalSection(SolutionConfigurationPlatforms) = preSolution
		Debug|Any CPU = Debug|Any CPU
		Release|Any CPU = Release|Any CPU
	EndGlobalSection
	GlobalSection(ProjectConfigurationPlatforms) = postSolution
		{92E7EECF-AFFC-4F42-BA21-CF8FD648A2F4}.Debug|Any CPU.ActiveCfg = Debug|Any CPU
		{92E7EECF-AFFC-4F42-BA21-CF8FD648A2F4}.Debug|Any CPU.Build.0 = Debug|Any CPU
		{92E7EECF-AFFC-4F42-BA21-CF8FD648A2F4}.Release|Any CPU.ActiveCfg = Release|Any CPU
		{92E7EECF-AFFC-4F42-BA21-CF8FD648A2F4}.Release|Any CPU.Build.0 = Release|Any CPU
	EndGlobalSection
	GlobalSection(SolutionProperties) = preSolution
		HideSolutionNode = FALSE
	EndGlobalSection
EndGlobal
